
Microsoft Visual Studio Solution File, Format Version 12.00
# Visual Studio Version 17
VisualStudioVersion = 17.14.36221.1
MinimumVisualStudioVersion = 10.0.40219.1
Project("{FAE04EC0-301F-11D3-BF4B-00C04F79EFBC}") = "QLNCKH_HocVien", "QLNCKH_HocVien\QLNCKH_HocVien\QLNCKH_HocVien.csproj", "{B09625BB-7B01-4DD7-90B1-7F4D34501705}"
EndProject
Project("{FAE04EC0-301F-11D3-BF4B-00C04F79EFBC}") = "QLNCKH_HocVien.Client", "QLNCKH_HocVien\QLNCKH_HocVien.Client\QLNCKH_HocVien.Client.csproj", "{58E0FD36-C2C7-4B5B-A104-B9438D29CA9B}"
EndProject
Global
	GlobalSection(SolutionConfigurationPlatforms) = preSolution
		Debug|Any CPU = Debug|Any CPU
		Release|Any CPU = Release|Any CPU
	EndGlobalSection
	GlobalSection(ProjectConfigurationPlatforms) = postSolution
		{B09625BB-7B01-4DD7-90B1-7F4D34501705}.Debug|Any CPU.ActiveCfg = Debug|Any CPU
		{B09625BB-7B01-4DD7-90B1-7F4D34501705}.Debug|Any CPU.Build.0 = Debug|Any CPU
		{B09625BB-7B01-4DD7-90B1-7F4D34501705}.Release|Any CPU.ActiveCfg = Release|Any CPU
		{B09625BB-7B01-4DD7-90B1-7F4D34501705}.Release|Any CPU.Build.0 = Release|Any CPU
		{58E0FD36-C2C7-4B5B-A104-B9438D29CA9B}.Debug|Any CPU.ActiveCfg = Debug|Any CPU
		{58E0FD36-C2C7-4B5B-A104-B9438D29CA9B}.Debug|Any CPU.Build.0 = Debug|Any CPU
		{58E0FD36-C2C7-4B5B-A104-B9438D29CA9B}.Release|Any CPU.ActiveCfg = Release|Any CPU
		{58E0FD36-C2C7-4B5B-A104-B9438D29CA9B}.Release|Any CPU.Build.0 = Release|Any CPU
	EndGlobalSection
	GlobalSection(SolutionProperties) = preSolution
		HideSolutionNode = FALSE
	EndGlobalSection
	GlobalSection(ExtensibilityGlobals) = postSolution
		SolutionGuid = {4809B3C8-F02D-438F-859E-44C08C24D980}
	EndGlobalSection
EndGlobal
